
Microsoft Visual Studio Solution File, Format Version 12.00
# Visual Studio Version 16
VisualStudioVersion = 16.0.29709.97
MinimumVisualStudioVersion = 10.0.40219.1
Project("{9092AA53-FB77-4645-B42D-1CCCA6BD08BD}") = "asm1", "asm1\asm1.njsproj", "{4296062B-9E6F-4E68-AECD-4AF670407AF4}"
EndProject
Global
	GlobalSection(SolutionConfigurationPlatforms) = preSolution
		Debug|Any CPU = Debug|Any CPU
		Release|Any CPU = Release|Any CPU
	EndGlobalSection
	GlobalSection(ProjectConfigurationPlatforms) = postSolution
		{4296062B-9E6F-4E68-AECD-4AF670407AF4}.Debug|Any CPU.ActiveCfg = Debug|Any CPU
		{4296062B-9E6F-4E68-AECD-4AF670407AF4}.Debug|Any CPU.Build.0 = Debug|Any CPU
		{4296062B-9E6F-4E68-AECD-4AF670407AF4}.Release|Any CPU.ActiveCfg = Release|Any CPU
		{4296062B-9E6F-4E68-AECD-4AF670407AF4}.Release|Any CPU.Build.0 = Release|Any CPU
	EndGlobalSection
	GlobalSection(SolutionProperties) = preSolution
		HideSolutionNode = FALSE
	EndGlobalSection
	GlobalSection(ExtensibilityGlobals) = postSolution
		SolutionGuid = {526104F1-A105-4E27-81CB-0A532AD6E5C4}
	EndGlobalSection
EndGlobal
