
Microsoft Visual Studio Solution File, Format Version 12.00
# Visual Studio Version 16
VisualStudioVersion = 16.0.29709.97
MinimumVisualStudioVersion = 10.0.40219.1
Project("{9092AA53-FB77-4645-B42D-1CCCA6BD08BD}") = "Typescript1", "Typescript1\Typescript1.njsproj", "{29795441-6264-44B5-A929-B95525EF2121}"
EndProject
Global
	GlobalSection(SolutionConfigurationPlatforms) = preSolution
		Debug|Any CPU = Debug|Any CPU
		Release|Any CPU = Release|Any CPU
	EndGlobalSection
	GlobalSection(ProjectConfigurationPlatforms) = postSolution
		{29795441-6264-44B5-A929-B95525EF2121}.Debug|Any CPU.ActiveCfg = Debug|Any CPU
		{29795441-6264-44B5-A929-B95525EF2121}.Debug|Any CPU.Build.0 = Debug|Any CPU
		{29795441-6264-44B5-A929-B95525EF2121}.Release|Any CPU.ActiveCfg = Release|Any CPU
		{29795441-6264-44B5-A929-B95525EF2121}.Release|Any CPU.Build.0 = Release|Any CPU
	EndGlobalSection
	GlobalSection(SolutionProperties) = preSolution
		HideSolutionNode = FALSE
	EndGlobalSection
	GlobalSection(ExtensibilityGlobals) = postSolution
		SolutionGuid = {4FE81C90-0C2D-4C00-989B-2527850AEE34}
	EndGlobalSection
EndGlobal
