
Microsoft Visual Studio Solution File, Format Version 12.00
# Visual Studio Version 16
VisualStudioVersion = 16.0.29709.97
MinimumVisualStudioVersion = 10.0.40219.1
Project("{9092AA53-FB77-4645-B42D-1CCCA6BD08BD}") = "shuntingyard", "shuntingyard\shuntingyard.njsproj", "{96B6EB91-EF5E-49E1-B512-BA9D017C9036}"
EndProject
Global
	GlobalSection(SolutionConfigurationPlatforms) = preSolution
		Debug|Any CPU = Debug|Any CPU
		Release|Any CPU = Release|Any CPU
	EndGlobalSection
	GlobalSection(ProjectConfigurationPlatforms) = postSolution
		{96B6EB91-EF5E-49E1-B512-BA9D017C9036}.Debug|Any CPU.ActiveCfg = Debug|Any CPU
		{96B6EB91-EF5E-49E1-B512-BA9D017C9036}.Debug|Any CPU.Build.0 = Debug|Any CPU
		{96B6EB91-EF5E-49E1-B512-BA9D017C9036}.Release|Any CPU.ActiveCfg = Release|Any CPU
		{96B6EB91-EF5E-49E1-B512-BA9D017C9036}.Release|Any CPU.Build.0 = Release|Any CPU
	EndGlobalSection
	GlobalSection(SolutionProperties) = preSolution
		HideSolutionNode = FALSE
	EndGlobalSection
	GlobalSection(ExtensibilityGlobals) = postSolution
		SolutionGuid = {133C7284-0700-4FBC-9707-F6228AB9F3A1}
	EndGlobalSection
EndGlobal
