
Microsoft Visual Studio Solution File, Format Version 12.00
# Visual Studio Version 16
VisualStudioVersion = 16.0.29709.97
MinimumVisualStudioVersion = 10.0.40219.1
Project("{9092AA53-FB77-4645-B42D-1CCCA6BD08BD}") = "expression", "expression\expression.njsproj", "{42694DC2-8DAF-4871-B92D-923C4C05D496}"
EndProject
Global
	GlobalSection(SolutionConfigurationPlatforms) = preSolution
		Debug|Any CPU = Debug|Any CPU
		Release|Any CPU = Release|Any CPU
	EndGlobalSection
	GlobalSection(ProjectConfigurationPlatforms) = postSolution
		{42694DC2-8DAF-4871-B92D-923C4C05D496}.Debug|Any CPU.ActiveCfg = Debug|Any CPU
		{42694DC2-8DAF-4871-B92D-923C4C05D496}.Debug|Any CPU.Build.0 = Debug|Any CPU
		{42694DC2-8DAF-4871-B92D-923C4C05D496}.Release|Any CPU.ActiveCfg = Release|Any CPU
		{42694DC2-8DAF-4871-B92D-923C4C05D496}.Release|Any CPU.Build.0 = Release|Any CPU
	EndGlobalSection
	GlobalSection(SolutionProperties) = preSolution
		HideSolutionNode = FALSE
	EndGlobalSection
	GlobalSection(ExtensibilityGlobals) = postSolution
		SolutionGuid = {690A6275-370B-4070-BE52-D92A3AF2D054}
	EndGlobalSection
EndGlobal
